
Microsoft Visual Studio Solution File, Format Version 12.00
# Visual Studio Version 17
VisualStudioVersion = 17.8.34004.107
MinimumVisualStudioVersion = 10.0.40219.1
Project("{9A19103F-16F7-4668-BE54-9A1E7A4F7556}") = "RedisForDummies.Api", "RedisForDummies.Api\RedisForDummies.Api.csproj", "{46B5811B-5978-4687-ABE5-22E0702204CA}"
EndProject
Project("{9A19103F-16F7-4668-BE54-9A1E7A4F7556}") = "RedisForDummies.Application", "RedisForDummies.Application\RedisForDummies.Application.csproj", "{DF0BC41A-688B-47B7-84F6-B78953582B1F}"
EndProject
Project("{9A19103F-16F7-4668-BE54-9A1E7A4F7556}") = "RedisForDummies.Infrastructure", "RedisForDummies.Infrastructure\RedisForDummies.Infrastructure.csproj", "{F9551A8E-7A97-4818-A1E9-285B3F254309}"
EndProject
Project("{E53339B2-1760-4266-BCC7-CA923CBCF16C}") = "docker-compose", "docker-compose.dcproj", "{12792F1E-7EBD-43EF-A975-7D7BBCB5A310}"
EndProject
Global
	GlobalSection(SolutionConfigurationPlatforms) = preSolution
		Debug|Any CPU = Debug|Any CPU
		Release|Any CPU = Release|Any CPU
	EndGlobalSection
	GlobalSection(ProjectConfigurationPlatforms) = postSolution
		{46B5811B-5978-4687-ABE5-22E0702204CA}.Debug|Any CPU.ActiveCfg = Debug|Any CPU
		{46B5811B-5978-4687-ABE5-22E0702204CA}.Debug|Any CPU.Build.0 = Debug|Any CPU
		{46B5811B-5978-4687-ABE5-22E0702204CA}.Release|Any CPU.ActiveCfg = Release|Any CPU
		{46B5811B-5978-4687-ABE5-22E0702204CA}.Release|Any CPU.Build.0 = Release|Any CPU
		{DF0BC41A-688B-47B7-84F6-B78953582B1F}.Debug|Any CPU.ActiveCfg = Debug|Any CPU
		{DF0BC41A-688B-47B7-84F6-B78953582B1F}.Debug|Any CPU.Build.0 = Debug|Any CPU
		{DF0BC41A-688B-47B7-84F6-B78953582B1F}.Release|Any CPU.ActiveCfg = Release|Any CPU
		{DF0BC41A-688B-47B7-84F6-B78953582B1F}.Release|Any CPU.Build.0 = Release|Any CPU
		{F9551A8E-7A97-4818-A1E9-285B3F254309}.Debug|Any CPU.ActiveCfg = Debug|Any CPU
		{F9551A8E-7A97-4818-A1E9-285B3F254309}.Debug|Any CPU.Build.0 = Debug|Any CPU
		{F9551A8E-7A97-4818-A1E9-285B3F254309}.Release|Any CPU.ActiveCfg = Release|Any CPU
		{F9551A8E-7A97-4818-A1E9-285B3F254309}.Release|Any CPU.Build.0 = Release|Any CPU
		{12792F1E-7EBD-43EF-A975-7D7BBCB5A310}.Debug|Any CPU.ActiveCfg = Debug|Any CPU
		{12792F1E-7EBD-43EF-A975-7D7BBCB5A310}.Debug|Any CPU.Build.0 = Debug|Any CPU
		{12792F1E-7EBD-43EF-A975-7D7BBCB5A310}.Release|Any CPU.ActiveCfg = Release|Any CPU
		{12792F1E-7EBD-43EF-A975-7D7BBCB5A310}.Release|Any CPU.Build.0 = Release|Any CPU
	EndGlobalSection
	GlobalSection(SolutionProperties) = preSolution
		HideSolutionNode = FALSE
	EndGlobalSection
	GlobalSection(ExtensibilityGlobals) = postSolution
		SolutionGuid = {B197A8F2-8886-4011-AF6C-18DE306F3898}
	EndGlobalSection
EndGlobal
